{
  "version": "2",
  "remote": {
    "https://deno.land/std@0.192.0/_util/asserts.ts": "178dfc49a464aee693a7e285567b3d0b555dc805ff490505a8aae34f9cfb1462",
    "https://deno.land/std@0.192.0/async/abortable.ts": "fd682fa46f3b7b16b4606a5ab52a7ce309434b76f820d3221bdfb862719a15d7",
    "https://deno.land/std@0.192.0/async/deadline.ts": "58f72a3cc0fcb731b2cc055ba046f4b5be3349ff6bf98f2e793c3b969354aab2",
    "https://deno.land/std@0.192.0/async/debounce.ts": "adab11d04ca38d699444ac8a9d9856b4155e8dda2afd07ce78276c01ea5a4332",
    "https://deno.land/std@0.192.0/async/deferred.ts": "42790112f36a75a57db4a96d33974a936deb7b04d25c6084a9fa8a49f135def8",
    "https://deno.land/std@0.192.0/async/delay.ts": "73aa04cec034c84fc748c7be49bb15cac3dd43a57174bfdb7a4aec22c248f0dd",
    "https://deno.land/std@0.192.0/async/mod.ts": "f04344fa21738e5ad6bea37a6bfffd57c617c2d372bb9f9dcfd118a1b622e576",
    "https://deno.land/std@0.192.0/async/mux_async_iterator.ts": "70c7f2ee4e9466161350473ad61cac0b9f115cff4c552eaa7ef9d50c4cbb4cc9",
    "https://deno.land/std@0.192.0/async/pool.ts": "f1b8d3df4d7fd3c73f8cbc91cc2e8b8e950910f1eab94230b443944d7584c657",
    "https://deno.land/std@0.192.0/async/retry.ts": "6521c061a5ab24e8b1ae624bdc581c4243d1d574f99dc7f5a2a195c2241fb1b8",
    "https://deno.land/std@0.192.0/async/tee.ts": "47e42d35f622650b02234d43803d0383a89eb4387e1b83b5a40106d18ae36757",
    "https://deno.land/std@0.192.0/encoding/base64.ts": "144ae6234c1fbe5b68666c711dc15b1e9ee2aef6d42b3b4345bf9a6c91d70d0d",
    "https://deno.land/std@0.192.0/encoding/base64url.ts": "2ed4ba122b20fedf226c5d337cf22ee2024fa73a8f85d915d442af7e9ce1fae1",
    "https://deno.land/std@0.192.0/fmt/colors.ts": "d67e3cd9f472535241a8e410d33423980bec45047e343577554d3356e1f0ef4e",
    "https://deno.land/std@0.192.0/http/server.ts": "1b23463b5b36e4eebc495417f6af47a6f7d52e3294827a1226d2a1aab23d9d20",
    "https://deno.land/std@0.192.0/testing/_diff.ts": "1a3c044aedf77647d6cac86b798c6417603361b66b54c53331b312caeb447aea",
    "https://deno.land/std@0.192.0/testing/_format.ts": "a69126e8a469009adf4cf2a50af889aca364c349797e63174884a52ff75cf4c7",
    "https://deno.land/std@0.192.0/testing/asserts.ts": "e16d98b4d73ffc4ed498d717307a12500ae4f2cbe668f1a215632d19fcffc22f",
    "https://deno.land/x/composium@v0.1.0/composition.ts": "4e549c2c8834e26fce4e3c43d212253494f3e86eaf27b831ed816c7629b6c861",
    "https://deno.land/x/composium@v0.1.0/context.ts": "8a5bbf00f3a3ef0c281755fe72cafb92a6a1d55e8c13919ba580b2e900c05557",
    "https://deno.land/x/composium@v0.1.0/deps.ts": "b59af84d10c548b17911dea9d3276d59971a42dedf14240ae000a0877bcd71b4",
    "https://deno.land/x/composium@v0.1.0/handler.ts": "57bb43192e15f44813078bba0c52173fb9d1b0d38601cebcdf29cf03cf4354bf",
    "https://deno.land/x/composium@v0.1.0/mod.ts": "eae33d0385f7504f15862d1d61f0e210ab9eaef49c2d846088095385afda18b5",
    "https://deno.land/x/composium@v0.1.0/route.ts": "c22080a130c26740f60f486bf961a1f975bd81a8f279c0f0e60811d9ea9afd7e",
    "https://deno.land/x/composium@v0.1.0/server.ts": "dc330346a5c54feb0df79f77d0450e9c09259ffcdd8d0de58a0786faab66e0eb",
    "https://deno.land/x/composium@v0.1.1/composition.ts": "4e549c2c8834e26fce4e3c43d212253494f3e86eaf27b831ed816c7629b6c861",
    "https://deno.land/x/composium@v0.1.1/context.ts": "6570da849b00ccea0edc86edbe9c027b2423557177ce61a517fc7db22988db2a",
    "https://deno.land/x/composium@v0.1.1/handler.ts": "b4ec8a9e168f12d61a1446b02a88260bacae8e8a5cdf1ae7413fdc4a73384758",
    "https://deno.land/x/composium@v0.1.1/mod.ts": "647e0c82c837583b82bf94a6fbf0c6d8e42a9d1240301b8902d9636632a28c6f",
    "https://deno.land/x/composium@v0.1.1/route.ts": "c22080a130c26740f60f486bf961a1f975bd81a8f279c0f0e60811d9ea9afd7e",
    "https://deno.land/x/djwt@v2.9/algorithm.ts": "9b67833bb708880435906bb1ea657608fa78692d05e23e2f5f5917c89120f1d2",
    "https://deno.land/x/djwt@v2.9/deps.ts": "550e9153f2b4b1c63158bfacfb5b80f34f29c3dd857da2becc1941e9ef04138f",
    "https://deno.land/x/djwt@v2.9/mod.ts": "982aff83fb2036e396f5c9996dbff0c2b8949f6d9f35c82270358c440933ab73",
    "https://deno.land/x/djwt@v2.9/signature.ts": "a5649368a4b433b2810e7d47f53661fe3b0f7fe1778cb49234ceae3d6e861185",
    "https://deno.land/x/djwt@v2.9/util.ts": "0d78272bd23a4656ceabe137d496fcca37cf3de36212477642aa5d85a880d87a"
  }
}
